
Microsoft Visual Studio Solution File, Format Version 12.00
# Visual Studio Version 16
VisualStudioVersion = 25.0.1705.0
MinimumVisualStudioVersion = 10.0.40219.1
Project("{FAE04EC0-301F-11D3-BF4B-00C04F79EFBC}") = "DiaDeFeira.API", "DiaDeFeira.API\DiaDeFeira.API.csproj", "{58B731EB-604C-4816-9064-692002D1090A}"
EndProject
Project("{FAE04EC0-301F-11D3-BF4B-00C04F79EFBC}") = "DiaDeFeira.Tests.Unit", "DiaDeFeira.Tests.Unit\DiaDeFeira.Tests.Unit.csproj", "{6DF3D2B7-91C0-4C6F-84AE-2ED8BE637B89}"
EndProject
Global
	GlobalSection(SolutionConfigurationPlatforms) = preSolution
		Debug|Any CPU = Debug|Any CPU
		Release|Any CPU = Release|Any CPU
	EndGlobalSection
	GlobalSection(ProjectConfigurationPlatforms) = postSolution
		{58B731EB-604C-4816-9064-692002D1090A}.Debug|Any CPU.ActiveCfg = Debug|Any CPU
		{58B731EB-604C-4816-9064-692002D1090A}.Debug|Any CPU.Build.0 = Debug|Any CPU
		{58B731EB-604C-4816-9064-692002D1090A}.Release|Any CPU.ActiveCfg = Release|Any CPU
		{58B731EB-604C-4816-9064-692002D1090A}.Release|Any CPU.Build.0 = Release|Any CPU
		{6DF3D2B7-91C0-4C6F-84AE-2ED8BE637B89}.Debug|Any CPU.ActiveCfg = Debug|Any CPU
		{6DF3D2B7-91C0-4C6F-84AE-2ED8BE637B89}.Debug|Any CPU.Build.0 = Debug|Any CPU
		{6DF3D2B7-91C0-4C6F-84AE-2ED8BE637B89}.Release|Any CPU.ActiveCfg = Release|Any CPU
		{6DF3D2B7-91C0-4C6F-84AE-2ED8BE637B89}.Release|Any CPU.Build.0 = Release|Any CPU
	EndGlobalSection
	GlobalSection(SolutionProperties) = preSolution
		HideSolutionNode = FALSE
	EndGlobalSection
	GlobalSection(ExtensibilityGlobals) = postSolution
		SolutionGuid = {EB539B49-D792-4477-8F4C-50FC9EE1D517}
	EndGlobalSection
EndGlobal
